
Microsoft Visual Studio Solution File, Format Version 12.00
# Visual Studio Version 17
VisualStudioVersion = 17.8.34525.116
MinimumVisualStudioVersion = 10.0.40219.1
Project("{FAE04EC0-301F-11D3-BF4B-00C04F79EFBC}") = "MoviesDemoAPI", "MoviesDemoAPI\MoviesDemoAPI.csproj", "{1F8D7CEA-E2F1-4E82-8369-7C5BBCB55CA2}"
EndProject
Global
	GlobalSection(SolutionConfigurationPlatforms) = preSolution
		Debug|Any CPU = Debug|Any CPU
		Release|Any CPU = Release|Any CPU
	EndGlobalSection
	GlobalSection(ProjectConfigurationPlatforms) = postSolution
		{1F8D7CEA-E2F1-4E82-8369-7C5BBCB55CA2}.Debug|Any CPU.ActiveCfg = Debug|Any CPU
		{1F8D7CEA-E2F1-4E82-8369-7C5BBCB55CA2}.Debug|Any CPU.Build.0 = Debug|Any CPU
		{1F8D7CEA-E2F1-4E82-8369-7C5BBCB55CA2}.Release|Any CPU.ActiveCfg = Release|Any CPU
		{1F8D7CEA-E2F1-4E82-8369-7C5BBCB55CA2}.Release|Any CPU.Build.0 = Release|Any CPU
	EndGlobalSection
	GlobalSection(SolutionProperties) = preSolution
		HideSolutionNode = FALSE
	EndGlobalSection
	GlobalSection(ExtensibilityGlobals) = postSolution
		SolutionGuid = {643B8942-5B26-4049-A09E-4F3DF1481689}
	EndGlobalSection
EndGlobal
